# This file was autogenerated by Stack.
# You should not edit this file by hand.
# For more information, please see the documentation at:
#   https://docs.haskellstack.org/en/stable/lock_files

packages:
- completed:
    hackage: hfsevents-0.1.6@sha256:295b29e8a4ac51a0015f4fb92b4140139d7b13ed691318159a20f85ce785dac6,863
    pantry-tree:
      size: 438
      sha256: 14370510ec9a045fdc5b7e614279a84e3540a968f8b5ad12b8796916c4d6d1ee
  original:
    hackage: hfsevents-0.1.6
- completed:
    hackage: Cabal-1.24.2.0@sha256:b2adb58476f49a514c4cd4542d55857f25733c440cd6528185e451d14fcdcc96,14791
    pantry-tree:
      size: 21029
      sha256: ceee6ada5df1c5adefa8317116827acd61087c6e16917c00f286febb55262a3f
  original:
    hackage: Cabal-1.24.2.0
snapshots:
- completed:
    size: 285611
    url: https://raw.githubusercontent.com/commercialhaskell/stackage-snapshots/master/lts/3/15.yaml
    sha256: 8ba41efd705cf1807dd09836cec7f7d55ccc826b97c8f671dc981760a53eac0c
  original: lts-3.15
